// !$*UTF8*$!
{
	archiveVersion = 1;
	classes = {
	};
	objectVersion = 56;
	objects = {

/* Begin PBXBuildFile section */
		A9B246FB2AE5B5F3005B066E /* AppDelegate.swift in Sources */ = {isa = PBXBuildFile; fileRef = A9B246FA2AE5B5F3005B066E /* AppDelegate.swift */; };
		A9B246FD2AE5B5F3005B066E /* SceneDelegate.swift in Sources */ = {isa = PBXBuildFile; fileRef = A9B246FC2AE5B5F3005B066E /* SceneDelegate.swift */; };
		A9B246FF2AE5B5F3005B066E /* ViewController.swift in Sources */ = {isa = PBXBuildFile; fileRef = A9B246FE2AE5B5F3005B066E /* ViewController.swift */; };
		A9B247022AE5B5F3005B066E /* Main.storyboard in Resources */ = {isa = PBXBuildFile; fileRef = A9B247002AE5B5F3005B066E /* Main.storyboard */; };
		A9B247042AE5B5F7005B066E /* Assets.xcassets in Resources */ = {isa = PBXBuildFile; fileRef = A9B247032AE5B5F7005B066E /* Assets.xcassets */; };
		A9B247072AE5B5F7005B066E /* LaunchScreen.storyboard in Resources */ = {isa = PBXBuildFile; fileRef = A9B247052AE5B5F7005B066E /* LaunchScreen.storyboard */; };
		A9B247122AE5B5F7005B066E /* Lesson08ExamplesTests.swift in Sources */ = {isa = PBXBuildFile; fileRef = A9B247112AE5B5F7005B066E /* Lesson08ExamplesTests.swift */; };
		A9B2471C2AE5B5F7005B066E /* Lesson08ExamplesUITests.swift in Sources */ = {isa = PBXBuildFile; fileRef = A9B2471B2AE5B5F7005B066E /* Lesson08ExamplesUITests.swift */; };
		A9B2471E2AE5B5F7005B066E /* Lesson08ExamplesUITestsLaunchTests.swift in Sources */ = {isa = PBXBuildFile; fileRef = A9B2471D2AE5B5F7005B066E /* Lesson08ExamplesUITestsLaunchTests.swift */; };
/* End PBXBuildFile section */

/* Begin PBXContainerItemProxy section */
		A9B2470E2AE5B5F7005B066E /* PBXContainerItemProxy */ = {
			isa = PBXContainerItemProxy;
			containerPortal = A9B246EF2AE5B5F3005B066E /* Project object */;
			proxyType = 1;
			remoteGlobalIDString = A9B246F62AE5B5F3005B066E;
			remoteInfo = Lesson08Examples;
		};
		A9B247182AE5B5F7005B066E /* PBXContainerItemProxy */ = {
			isa = PBXContainerItemProxy;
			containerPortal = A9B246EF2AE5B5F3005B066E /* Project object */;
			proxyType = 1;
			remoteGlobalIDString = A9B246F62AE5B5F3005B066E;
			remoteInfo = Lesson08Examples;
		};
/* End PBXContainerItemProxy section */

/* Begin PBXFileReference section */
		A9B246F72AE5B5F3005B066E /* Lesson08Examples.app */ = {isa = PBXFileReference; explicitFileType = wrapper.application; includeInIndex = 0; path = Lesson08Examples.app; sourceTree = BUILT_PRODUCTS_DIR; };
		A9B246FA2AE5B5F3005B066E /* AppDelegate.swift */ = {isa = PBXFileReference; lastKnownFileType = sourcecode.swift; path = AppDelegate.swift; sourceTree = "<group>"; };
		A9B246FC2AE5B5F3005B066E /* SceneDelegate.swift */ = {isa = PBXFileReference; lastKnownFileType = sourcecode.swift; path = SceneDelegate.swift; sourceTree = "<group>"; };
		A9B246FE2AE5B5F3005B066E /* ViewController.swift */ = {isa = PBXFileReference; lastKnownFileType = sourcecode.swift; path = ViewController.swift; sourceTree = "<group>"; };
		A9B247012AE5B5F3005B066E /* Base */ = {isa = PBXFileReference; lastKnownFileType = file.storyboard; name = Base; path = Base.lproj/Main.storyboard; sourceTree = "<group>"; };
		A9B247032AE5B5F7005B066E /* Assets.xcassets */ = {isa = PBXFileReference; lastKnownFileType = folder.assetcatalog; path = Assets.xcassets; sourceTree = "<group>"; };
		A9B247062AE5B5F7005B066E /* Base */ = {isa = PBXFileReference; lastKnownFileType = file.storyboard; name = Base; path = Base.lproj/LaunchScreen.storyboard; sourceTree = "<group>"; };
		A9B247082AE5B5F7005B066E /* Info.plist */ = {isa = PBXFileReference; lastKnownFileType = text.plist.xml; path = Info.plist; sourceTree = "<group>"; };
		A9B2470D2AE5B5F7005B066E /* Lesson08ExamplesTests.xctest */ = {isa = PBXFileReference; explicitFileType = wrapper.cfbundle; includeInIndex = 0; path = Lesson08ExamplesTests.xctest; sourceTree = BUILT_PRODUCTS_DIR; };
		A9B247112AE5B5F7005B066E /* Lesson08ExamplesTests.swift */ = {isa = PBXFileReference; lastKnownFileType = sourcecode.swift; path = Lesson08ExamplesTests.swift; sourceTree = "<group>"; };
		A9B247172AE5B5F7005B066E /* Lesson08ExamplesUITests.xctest */ = {isa = PBXFileReference; explicitFileType = wrapper.cfbundle; includeInIndex = 0; path = Lesson08ExamplesUITests.xctest; sourceTree = BUILT_PRODUCTS_DIR; };
		A9B2471B2AE5B5F7005B066E /* Lesson08ExamplesUITests.swift */ = {isa = PBXFileReference; lastKnownFileType = sourcecode.swift; path = Lesson08ExamplesUITests.swift; sourceTree = "<group>"; };
		A9B2471D2AE5B5F7005B066E /* Lesson08ExamplesUITestsLaunchTests.swift */ = {isa = PBXFileReference; lastKnownFileType = sourcecode.swift; path = Lesson08ExamplesUITestsLaunchTests.swift; sourceTree = "<group>"; };
/* End PBXFileReference section */

/* Begin PBXFrameworksBuildPhase section */
		A9B246F42AE5B5F3005B066E /* Frameworks */ = {
			isa = PBXFrameworksBuildPhase;
			buildActionMask = 2147483647;
			files = (
			);
			runOnlyForDeploymentPostprocessing = 0;
		};
		A9B2470A2AE5B5F7005B066E /* Frameworks */ = {
			isa = PBXFrameworksBuildPhase;
			buildActionMask = 2147483647;
			files = (
			);
			runOnlyForDeploymentPostprocessing = 0;
		};
		A9B247142AE5B5F7005B066E /* Frameworks */ = {
			isa = PBXFrameworksBuildPhase;
			buildActionMask = 2147483647;
			files = (
			);
			runOnlyForDeploymentPostprocessing = 0;
		};
/* End PBXFrameworksBuildPhase section */

/* Begin PBXGroup section */
		A9B246EE2AE5B5F3005B066E = {
			isa = PBXGroup;
			children = (
				A9B246F92AE5B5F3005B066E /* Lesson08Examples */,
				A9B247102AE5B5F7005B066E /* Lesson08ExamplesTests */,
				A9B2471A2AE5B5F7005B066E /* Lesson08ExamplesUITests */,
				A9B246F82AE5B5F3005B066E /* Products */,
			);
			sourceTree = "<group>";
		};
		A9B246F82AE5B5F3005B066E /* Products */ = {
			isa = PBXGroup;
			children = (
				A9B246F72AE5B5F3005B066E /* Lesson08Examples.app */,
				A9B2470D2AE5B5F7005B066E /* Lesson08ExamplesTests.xctest */,
				A9B247172AE5B5F7005B066E /* Lesson08ExamplesUITests.xctest */,
			);
			name = Products;
			sourceTree = "<group>";
		};
		A9B246F92AE5B5F3005B066E /* Lesson08Examples */ = {
			isa = PBXGroup;
			children = (
				A9B246FA2AE5B5F3005B066E /* AppDelegate.swift */,
				A9B246FC2AE5B5F3005B066E /* SceneDelegate.swift */,
				A9B246FE2AE5B5F3005B066E /* ViewController.swift */,
				A9B247002AE5B5F3005B066E /* Main.storyboard */,
				A9B247032AE5B5F7005B066E /* Assets.xcassets */,
				A9B247052AE5B5F7005B066E /* LaunchScreen.storyboard */,
				A9B247082AE5B5F7005B066E /* Info.plist */,
			);
			path = Lesson08Examples;
			sourceTree = "<group>";
		};
		A9B247102AE5B5F7005B066E /* Lesson08ExamplesTests */ = {
			isa = PBXGroup;
			children = (
				A9B247112AE5B5F7005B066E /* Lesson08ExamplesTests.swift */,
			);
			path = Lesson08ExamplesTests;
			sourceTree = "<group>";
		};
		A9B2471A2AE5B5F7005B066E /* Lesson08ExamplesUITests */ = {
			isa = PBXGroup;
			children = (
				A9B2471B2AE5B5F7005B066E /* Lesson08ExamplesUITests.swift */,
				A9B2471D2AE5B5F7005B066E /* Lesson08ExamplesUITestsLaunchTests.swift */,
			);
			path = Lesson08ExamplesUITests;
			sourceTree = "<group>";
		};
/* End PBXGroup section */

/* Begin PBXNativeTarget section */
		A9B246F62AE5B5F3005B066E /* Lesson08Examples */ = {
			isa = PBXNativeTarget;
			buildConfigurationList = A9B247212AE5B5F7005B066E /* Build configuration list for PBXNativeTarget "Lesson08Examples" */;
			buildPhases = (
				A9B246F32AE5B5F3005B066E /* Sources */,
				A9B246F42AE5B5F3005B066E /* Frameworks */,
				A9B246F52AE5B5F3005B066E /* Resources */,
			);
			buildRules = (
			);
			dependencies = (
			);
			name = Lesson08Examples;
			productName = Lesson08Examples;
			productReference = A9B246F72AE5B5F3005B066E /* Lesson08Examples.app */;
			productType = "com.apple.product-type.application";
		};
		A9B2470C2AE5B5F7005B066E /* Lesson08ExamplesTests */ = {
			isa = PBXNativeTarget;
			buildConfigurationList = A9B247242AE5B5F7005B066E /* Build configuration list for PBXNativeTarget "Lesson08ExamplesTests" */;
			buildPhases = (
				A9B247092AE5B5F7005B066E /* Sources */,
				A9B2470A2AE5B5F7005B066E /* Frameworks */,
				A9B2470B2AE5B5F7005B066E /* Resources */,
			);
			buildRules = (
			);
			dependencies = (
				A9B2470F2AE5B5F7005B066E /* PBXTargetDependency */,
			);
			name = Lesson08ExamplesTests;
			productName = Lesson08ExamplesTests;
			productReference = A9B2470D2AE5B5F7005B066E /* Lesson08ExamplesTests.xctest */;
			productType = "com.apple.product-type.bundle.unit-test";
		};
		A9B247162AE5B5F7005B066E /* Lesson08ExamplesUITests */ = {
			isa = PBXNativeTarget;
			buildConfigurationList = A9B247272AE5B5F7005B066E /* Build configuration list for PBXNativeTarget "Lesson08ExamplesUITests" */;
			buildPhases = (
				A9B247132AE5B5F7005B066E /* Sources */,
				A9B247142AE5B5F7005B066E /* Frameworks */,
				A9B247152AE5B5F7005B066E /* Resources */,
			);
			buildRules = (
			);
			dependencies = (
				A9B247192AE5B5F7005B066E /* PBXTargetDependency */,
			);
			name = Lesson08ExamplesUITests;
			productName = Lesson08ExamplesUITests;
			productReference = A9B247172AE5B5F7005B066E /* Lesson08ExamplesUITests.xctest */;
			productType = "com.apple.product-type.bundle.ui-testing";
		};
/* End PBXNativeTarget section */

/* Begin PBXProject section */
		A9B246EF2AE5B5F3005B066E /* Project object */ = {
			isa = PBXProject;
			attributes = {
				BuildIndependentTargetsInParallel = 1;
				LastSwiftUpdateCheck = 1500;
				LastUpgradeCheck = 1500;
				TargetAttributes = {
					A9B246F62AE5B5F3005B066E = {
						CreatedOnToolsVersion = 15.0;
					};
					A9B2470C2AE5B5F7005B066E = {
						CreatedOnToolsVersion = 15.0;
						TestTargetID = A9B246F62AE5B5F3005B066E;
					};
					A9B247162AE5B5F7005B066E = {
						CreatedOnToolsVersion = 15.0;
						TestTargetID = A9B246F62AE5B5F3005B066E;
					};
				};
			};
			buildConfigurationList = A9B246F22AE5B5F3005B066E /* Build configuration list for PBXProject "Lesson08Examples" */;
			compatibilityVersion = "Xcode 14.0";
			developmentRegion = en;
			hasScannedForEncodings = 0;
			knownRegions = (
				en,
				Base,
			);
			mainGroup = A9B246EE2AE5B5F3005B066E;
			productRefGroup = A9B246F82AE5B5F3005B066E /* Products */;
			projectDirPath = "";
			projectRoot = "";
			targets = (
				A9B246F62AE5B5F3005B066E /* Lesson08Examples */,
				A9B2470C2AE5B5F7005B066E /* Lesson08ExamplesTests */,
				A9B247162AE5B5F7005B066E /* Lesson08ExamplesUITests */,
			);
		};
/* End PBXProject section */

/* Begin PBXResourcesBuildPhase section */
		A9B246F52AE5B5F3005B066E /* Resources */ = {
			isa = PBXResourcesBuildPhase;
			buildActionMask = 2147483647;
			files = (
				A9B247072AE5B5F7005B066E /* LaunchScreen.storyboard in Resources */,
				A9B247042AE5B5F7005B066E /* Assets.xcassets in Resources */,
				A9B247022AE5B5F3005B066E /* Main.storyboard in Resources */,
			);
			runOnlyForDeploymentPostprocessing = 0;
		};
		A9B2470B2AE5B5F7005B066E /* Resources */ = {
			isa = PBXResourcesBuildPhase;
			buildActionMask = 2147483647;
			files = (
			);
			runOnlyForDeploymentPostprocessing = 0;
		};
		A9B247152AE5B5F7005B066E /* Resources */ = {
			isa = PBXResourcesBuildPhase;
			buildActionMask = 2147483647;
			files = (
			);
			runOnlyForDeploymentPostprocessing = 0;
		};
/* End PBXResourcesBuildPhase section */

/* Begin PBXSourcesBuildPhase section */
		A9B246F32AE5B5F3005B066E /* Sources */ = {
			isa = PBXSourcesBuildPhase;
			buildActionMask = 2147483647;
			files = (
				A9B246FF2AE5B5F3005B066E /* ViewController.swift in Sources */,
				A9B246FB2AE5B5F3005B066E /* AppDelegate.swift in Sources */,
				A9B246FD2AE5B5F3005B066E /* SceneDelegate.swift in Sources */,
			);
			runOnlyForDeploymentPostprocessing = 0;
		};
		A9B247092AE5B5F7005B066E /* Sources */ = {
			isa = PBXSourcesBuildPhase;
			buildActionMask = 2147483647;
			files = (
				A9B247122AE5B5F7005B066E /* Lesson08ExamplesTests.swift in Sources */,
			);
			runOnlyForDeploymentPostprocessing = 0;
		};
		A9B247132AE5B5F7005B066E /* Sources */ = {
			isa = PBXSourcesBuildPhase;
			buildActionMask = 2147483647;
			files = (
				A9B2471C2AE5B5F7005B066E /* Lesson08ExamplesUITests.swift in Sources */,
				A9B2471E2AE5B5F7005B066E /* Lesson08ExamplesUITestsLaunchTests.swift in Sources */,
			);
			runOnlyForDeploymentPostprocessing = 0;
		};
/* End PBXSourcesBuildPhase section */

/* Begin PBXTargetDependency section */
		A9B2470F2AE5B5F7005B066E /* PBXTargetDependency */ = {
			isa = PBXTargetDependency;
			target = A9B246F62AE5B5F3005B066E /* Lesson08Examples */;
			targetProxy = A9B2470E2AE5B5F7005B066E /* PBXContainerItemProxy */;
		};
		A9B247192AE5B5F7005B066E /* PBXTargetDependency */ = {
			isa = PBXTargetDependency;
			target = A9B246F62AE5B5F3005B066E /* Lesson08Examples */;
			targetProxy = A9B247182AE5B5F7005B066E /* PBXContainerItemProxy */;
		};
/* End PBXTargetDependency section */

/* Begin PBXVariantGroup section */
		A9B247002AE5B5F3005B066E /* Main.storyboard */ = {
			isa = PBXVariantGroup;
			children = (
				A9B247012AE5B5F3005B066E /* Base */,
			);
			name = Main.storyboard;
			sourceTree = "<group>";
		};
		A9B247052AE5B5F7005B066E /* LaunchScreen.storyboard */ = {
			isa = PBXVariantGroup;
			children = (
				A9B247062AE5B5F7005B066E /* Base */,
			);
			name = LaunchScreen.storyboard;
			sourceTree = "<group>";
		};
/* End PBXVariantGroup section */

/* Begin XCBuildConfiguration section */
		A9B2471F2AE5B5F7005B066E /* Debug */ = {
			isa = XCBuildConfiguration;
			buildSettings = {
				ALWAYS_SEARCH_USER_PATHS = NO;
				ASSETCATALOG_COMPILER_GENERATE_SWIFT_ASSET_SYMBOL_EXTENSIONS = YES;
				CLANG_ANALYZER_NONNULL = YES;
				CLANG_ANALYZER_NUMBER_OBJECT_CONVERSION = YES_AGGRESSIVE;
				CLANG_CXX_LANGUAGE_STANDARD = "gnu++20";
				CLANG_ENABLE_MODULES = YES;
				CLANG_ENABLE_OBJC_ARC = YES;
				CLANG_ENABLE_OBJC_WEAK = YES;
				CLANG_WARN_BLOCK_CAPTURE_AUTORELEASING = YES;
				CLANG_WARN_BOOL_CONVERSION = YES;
				CLANG_WARN_COMMA = YES;
				CLANG_WARN_CONSTANT_CONVERSION = YES;
				CLANG_WARN_DEPRECATED_OBJC_IMPLEMENTATIONS = YES;
				CLANG_WARN_DIRECT_OBJC_ISA_USAGE = YES_ERROR;
				CLANG_WARN_DOCUMENTATION_COMMENTS = YES;
				CLANG_WARN_EMPTY_BODY = YES;
				CLANG_WARN_ENUM_CONVERSION = YES;
				CLANG_WARN_INFINITE_RECURSION = YES;
				CLANG_WARN_INT_CONVERSION = YES;
				CLANG_WARN_NON_LITERAL_NULL_CONVERSION = YES;
				CLANG_WARN_OBJC_IMPLICIT_RETAIN_SELF = YES;
				CLANG_WARN_OBJC_LITERAL_CONVERSION = YES;
				CLANG_WARN_OBJC_ROOT_CLASS = YES_ERROR;
				CLANG_WARN_QUOTED_INCLUDE_IN_FRAMEWORK_HEADER = YES;
				CLANG_WARN_RANGE_LOOP_ANALYSIS = YES;
				CLANG_WARN_STRICT_PROTOTYPES = YES;
				CLANG_WARN_SUSPICIOUS_MOVE = YES;
				CLANG_WARN_UNGUARDED_AVAILABILITY = YES_AGGRESSIVE;
				CLANG_WARN_UNREACHABLE_CODE = YES;
				CLANG_WARN__DUPLICATE_METHOD_MATCH = YES;
				COPY_PHASE_STRIP = NO;
				DEBUG_INFORMATION_FORMAT = dwarf;
				ENABLE_STRICT_OBJC_MSGSEND = YES;
				ENABLE_TESTABILITY = YES;
				ENABLE_USER_SCRIPT_SANDBOXING = YES;
				GCC_C_LANGUAGE_STANDARD = gnu17;
				GCC_DYNAMIC_NO_PIC = NO;
				GCC_NO_COMMON_BLOCKS = YES;
				GCC_OPTIMIZATION_LEVEL = 0;
				GCC_PREPROCESSOR_DEFINITIONS = (
					"DEBUG=1",
					"$(inherited)",
				);
				GCC_WARN_64_TO_32_BIT_CONVERSION = YES;
				GCC_WARN_ABOUT_RETURN_TYPE = YES_ERROR;
				GCC_WARN_UNDECLARED_SELECTOR = YES;
				GCC_WARN_UNINITIALIZED_AUTOS = YES_AGGRESSIVE;
				GCC_WARN_UNUSED_FUNCTION = YES;
				GCC_WARN_UNUSED_VARIABLE = YES;
				IPHONEOS_DEPLOYMENT_TARGET = 17.0;
				LOCALIZATION_PREFERS_STRING_CATALOGS = YES;
				MTL_ENABLE_DEBUG_INFO = INCLUDE_SOURCE;
				MTL_FAST_MATH = YES;
				ONLY_ACTIVE_ARCH = YES;
				SDKROOT = iphoneos;
				SWIFT_ACTIVE_COMPILATION_CONDITIONS = "DEBUG $(inherited)";
				SWIFT_OPTIMIZATION_LEVEL = "-Onone";
			};
			name = Debug;
		};
		A9B247202AE5B5F7005B066E /* Release */ = {
			isa = XCBuildConfiguration;
			buildSettings = {
				ALWAYS_SEARCH_USER_PATHS = NO;
				ASSETCATALOG_COMPILER_GENERATE_SWIFT_ASSET_SYMBOL_EXTENSIONS = YES;
				CLANG_ANALYZER_NONNULL = YES;
				CLANG_ANALYZER_NUMBER_OBJECT_CONVERSION = YES_AGGRESSIVE;
				CLANG_CXX_LANGUAGE_STANDARD = "gnu++20";
				CLANG_ENABLE_MODULES = YES;
				CLANG_ENABLE_OBJC_ARC = YES;
				CLANG_ENABLE_OBJC_WEAK = YES;
				CLANG_WARN_BLOCK_CAPTURE_AUTORELEASING = YES;
				CLANG_WARN_BOOL_CONVERSION = YES;
				CLANG_WARN_COMMA = YES;
				CLANG_WARN_CONSTANT_CONVERSION = YES;
				CLANG_WARN_DEPRECATED_OBJC_IMPLEMENTATIONS = YES;
				CLANG_WARN_DIRECT_OBJC_ISA_USAGE = YES_ERROR;
				CLANG_WARN_DOCUMENTATION_COMMENTS = YES;
				CLANG_WARN_EMPTY_BODY = YES;
				CLANG_WARN_ENUM_CONVERSION = YES;
				CLANG_WARN_INFINITE_RECURSION = YES;
				CLANG_WARN_INT_CONVERSION = YES;
				CLANG_WARN_NON_LITERAL_NULL_CONVERSION = YES;
				CLANG_WARN_OBJC_IMPLICIT_RETAIN_SELF = YES;
				CLANG_WARN_OBJC_LITERAL_CONVERSION = YES;
				CLANG_WARN_OBJC_ROOT_CLASS = YES_ERROR;
				CLANG_WARN_QUOTED_INCLUDE_IN_FRAMEWORK_HEADER = YES;
				CLANG_WARN_RANGE_LOOP_ANALYSIS = YES;
				CLANG_WARN_STRICT_PROTOTYPES = YES;
				CLANG_WARN_SUSPICIOUS_MOVE = YES;
				CLANG_WARN_UNGUARDED_AVAILABILITY = YES_AGGRESSIVE;
				CLANG_WARN_UNREACHABLE_CODE = YES;
				CLANG_WARN__DUPLICATE_METHOD_MATCH = YES;
				COPY_PHASE_STRIP = NO;
				DEBUG_INFORMATION_FORMAT = "dwarf-with-dsym";
				ENABLE_NS_ASSERTIONS = NO;
				ENABLE_STRICT_OBJC_MSGSEND = YES;
				ENABLE_USER_SCRIPT_SANDBOXING = YES;
				GCC_C_LANGUAGE_STANDARD = gnu17;
				GCC_NO_COMMON_BLOCKS = YES;
				GCC_WARN_64_TO_32_BIT_CONVERSION = YES;
				GCC_WARN_ABOUT_RETURN_TYPE = YES_ERROR;
				GCC_WARN_UNDECLARED_SELECTOR = YES;
				GCC_WARN_UNINITIALIZED_AUTOS = YES_AGGRESSIVE;
				GCC_WARN_UNUSED_FUNCTION = YES;
				GCC_WARN_UNUSED_VARIABLE = YES;
				IPHONEOS_DEPLOYMENT_TARGET = 17.0;
				LOCALIZATION_PREFERS_STRING_CATALOGS = YES;
				MTL_ENABLE_DEBUG_INFO = NO;
				MTL_FAST_MATH = YES;
				SDKROOT = iphoneos;
				SWIFT_COMPILATION_MODE = wholemodule;
				VALIDATE_PRODUCT = YES;
			};
			name = Release;
		};
		A9B247222AE5B5F7005B066E /* Debug */ = {
			isa = XCBuildConfiguration;
			buildSettings = {
				ASSETCATALOG_COMPILER_APPICON_NAME = AppIcon;
				ASSETCATALOG_COMPILER_GLOBAL_ACCENT_COLOR_NAME = AccentColor;
				CODE_SIGN_STYLE = Automatic;
				CURRENT_PROJECT_VERSION = 1;
				DEVELOPMENT_TEAM = VWV6Q5L768;
				GENERATE_INFOPLIST_FILE = YES;
				INFOPLIST_FILE = Lesson08Examples/Info.plist;
				INFOPLIST_KEY_UIApplicationSupportsIndirectInputEvents = YES;
				INFOPLIST_KEY_UILaunchStoryboardName = LaunchScreen;
				INFOPLIST_KEY_UIMainStoryboardFile = Main;
				INFOPLIST_KEY_UISupportedInterfaceOrientations_iPad = "UIInterfaceOrientationPortrait UIInterfaceOrientationPortraitUpsideDown UIInterfaceOrientationLandscapeLeft UIInterfaceOrientationLandscapeRight";
				INFOPLIST_KEY_UISupportedInterfaceOrientations_iPhone = "UIInterfaceOrientationPortrait UIInterfaceOrientationLandscapeLeft UIInterfaceOrientationLandscapeRight";
				LD_RUNPATH_SEARCH_PATHS = (
					"$(inherited)",
					"@executable_path/Frameworks",
				);
				MARKETING_VERSION = 1.0;
				PRODUCT_BUNDLE_IDENTIFIER = Home.Lesson08Examples;
				PRODUCT_NAME = "$(TARGET_NAME)";
				SWIFT_EMIT_LOC_STRINGS = YES;
				SWIFT_VERSION = 5.0;
				TARGETED_DEVICE_FAMILY = "1,2";
			};
			name = Debug;
		};
		A9B247232AE5B5F7005B066E /* Release */ = {
			isa = XCBuildConfiguration;
			buildSettings = {
				ASSETCATALOG_COMPILER_APPICON_NAME = AppIcon;
				ASSETCATALOG_COMPILER_GLOBAL_ACCENT_COLOR_NAME = AccentColor;
				CODE_SIGN_STYLE = Automatic;
				CURRENT_PROJECT_VERSION = 1;
				DEVELOPMENT_TEAM = VWV6Q5L768;
				GENERATE_INFOPLIST_FILE = YES;
				INFOPLIST_FILE = Lesson08Examples/Info.plist;
				INFOPLIST_KEY_UIApplicationSupportsIndirectInputEvents = YES;
				INFOPLIST_KEY_UILaunchStoryboardName = LaunchScreen;
				INFOPLIST_KEY_UIMainStoryboardFile = Main;
				INFOPLIST_KEY_UISupportedInterfaceOrientations_iPad = "UIInterfaceOrientationPortrait UIInterfaceOrientationPortraitUpsideDown UIInterfaceOrientationLandscapeLeft UIInterfaceOrientationLandscapeRight";
				INFOPLIST_KEY_UISupportedInterfaceOrientations_iPhone = "UIInterfaceOrientationPortrait UIInterfaceOrientationLandscapeLeft UIInterfaceOrientationLandscapeRight";
				LD_RUNPATH_SEARCH_PATHS = (
					"$(inherited)",
					"@executable_path/Frameworks",
				);
				MARKETING_VERSION = 1.0;
				PRODUCT_BUNDLE_IDENTIFIER = Home.Lesson08Examples;
				PRODUCT_NAME = "$(TARGET_NAME)";
				SWIFT_EMIT_LOC_STRINGS = YES;
				SWIFT_VERSION = 5.0;
				TARGETED_DEVICE_FAMILY = "1,2";
			};
			name = Release;
		};
		A9B247252AE5B5F7005B066E /* Debug */ = {
			isa = XCBuildConfiguration;
			buildSettings = {
				ALWAYS_EMBED_SWIFT_STANDARD_LIBRARIES = YES;
				BUNDLE_LOADER = "$(TEST_HOST)";
				CODE_SIGN_STYLE = Automatic;
				CURRENT_PROJECT_VERSION = 1;
				DEVELOPMENT_TEAM = VWV6Q5L768;
				GENERATE_INFOPLIST_FILE = YES;
				IPHONEOS_DEPLOYMENT_TARGET = 17.0;
				MARKETING_VERSION = 1.0;
				PRODUCT_BUNDLE_IDENTIFIER = Home.Lesson08ExamplesTests;
				PRODUCT_NAME = "$(TARGET_NAME)";
				SWIFT_EMIT_LOC_STRINGS = NO;
				SWIFT_VERSION = 5.0;
				TARGETED_DEVICE_FAMILY = "1,2";
				TEST_HOST = "$(BUILT_PRODUCTS_DIR)/Lesson08Examples.app/$(BUNDLE_EXECUTABLE_FOLDER_PATH)/Lesson08Examples";
			};
			name = Debug;
		};
		A9B247262AE5B5F7005B066E /* Release */ = {
			isa = XCBuildConfiguration;
			buildSettings = {
				ALWAYS_EMBED_SWIFT_STANDARD_LIBRARIES = YES;
				BUNDLE_LOADER = "$(TEST_HOST)";
				CODE_SIGN_STYLE = Automatic;
				CURRENT_PROJECT_VERSION = 1;
				DEVELOPMENT_TEAM = VWV6Q5L768;
				GENERATE_INFOPLIST_FILE = YES;
				IPHONEOS_DEPLOYMENT_TARGET = 17.0;
				MARKETING_VERSION = 1.0;
				PRODUCT_BUNDLE_IDENTIFIER = Home.Lesson08ExamplesTests;
				PRODUCT_NAME = "$(TARGET_NAME)";
				SWIFT_EMIT_LOC_STRINGS = NO;
				SWIFT_VERSION = 5.0;
				TARGETED_DEVICE_FAMILY = "1,2";
				TEST_HOST = "$(BUILT_PRODUCTS_DIR)/Lesson08Examples.app/$(BUNDLE_EXECUTABLE_FOLDER_PATH)/Lesson08Examples";
			};
			name = Release;
		};
		A9B247282AE5B5F7005B066E /* Debug */ = {
			isa = XCBuildConfiguration;
			buildSettings = {
				ALWAYS_EMBED_SWIFT_STANDARD_LIBRARIES = YES;
				CODE_SIGN_STYLE = Automatic;
				CURRENT_PROJECT_VERSION = 1;
				DEVELOPMENT_TEAM = VWV6Q5L768;
				GENERATE_INFOPLIST_FILE = YES;
				MARKETING_VERSION = 1.0;
				PRODUCT_BUNDLE_IDENTIFIER = Home.Lesson08ExamplesUITests;
				PRODUCT_NAME = "$(TARGET_NAME)";
				SWIFT_EMIT_LOC_STRINGS = NO;
				SWIFT_VERSION = 5.0;
				TARGETED_DEVICE_FAMILY = "1,2";
				TEST_TARGET_NAME = Lesson08Examples;
			};
			name = Debug;
		};
		A9B247292AE5B5F7005B066E /* Release */ = {
			isa = XCBuildConfiguration;
			buildSettings = {
				ALWAYS_EMBED_SWIFT_STANDARD_LIBRARIES = YES;
				CODE_SIGN_STYLE = Automatic;
				CURRENT_PROJECT_VERSION = 1;
				DEVELOPMENT_TEAM = VWV6Q5L768;
				GENERATE_INFOPLIST_FILE = YES;
				MARKETING_VERSION = 1.0;
				PRODUCT_BUNDLE_IDENTIFIER = Home.Lesson08ExamplesUITests;
				PRODUCT_NAME = "$(TARGET_NAME)";
				SWIFT_EMIT_LOC_STRINGS = NO;
				SWIFT_VERSION = 5.0;
				TARGETED_DEVICE_FAMILY = "1,2";
				TEST_TARGET_NAME = Lesson08Examples;
			};
			name = Release;
		};
/* End XCBuildConfiguration section */

/* Begin XCConfigurationList section */
		A9B246F22AE5B5F3005B066E /* Build configuration list for PBXProject "Lesson08Examples" */ = {
			isa = XCConfigurationList;
			buildConfigurations = (
				A9B2471F2AE5B5F7005B066E /* Debug */,
				A9B247202AE5B5F7005B066E /* Release */,
			);
			defaultConfigurationIsVisible = 0;
			defaultConfigurationName = Release;
		};
		A9B247212AE5B5F7005B066E /* Build configuration list for PBXNativeTarget "Lesson08Examples" */ = {
			isa = XCConfigurationList;
			buildConfigurations = (
				A9B247222AE5B5F7005B066E /* Debug */,
				A9B247232AE5B5F7005B066E /* Release */,
			);
			defaultConfigurationIsVisible = 0;
			defaultConfigurationName = Release;
		};
		A9B247242AE5B5F7005B066E /* Build configuration list for PBXNativeTarget "Lesson08ExamplesTests" */ = {
			isa = XCConfigurationList;
			buildConfigurations = (
				A9B247252AE5B5F7005B066E /* Debug */,
				A9B247262AE5B5F7005B066E /* Release */,
			);
			defaultConfigurationIsVisible = 0;
			defaultConfigurationName = Release;
		};
		A9B247272AE5B5F7005B066E /* Build configuration list for PBXNativeTarget "Lesson08ExamplesUITests" */ = {
			isa = XCConfigurationList;
			buildConfigurations = (
				A9B247282AE5B5F7005B066E /* Debug */,
				A9B247292AE5B5F7005B066E /* Release */,
			);
			defaultConfigurationIsVisible = 0;
			defaultConfigurationName = Release;
		};
/* End XCConfigurationList section */
	};
	rootObject = A9B246EF2AE5B5F3005B066E /* Project object */;
}
